
Microsoft Visual Studio Solution File, Format Version 12.00
# Visual Studio Version 16
VisualStudioVersion = 16.0.30804.86
MinimumVisualStudioVersion = 10.0.40219.1
Project("{9A19103F-16F7-4668-BE54-9A1E7A4F7556}") = "Incrementalist", "src\Incrementalist\Incrementalist.csproj", "{E945AABA-2779-41E8-9B43-8898FFD64F22}"
EndProject
Project("{9A19103F-16F7-4668-BE54-9A1E7A4F7556}") = "Incrementalist.Tests", "src\Incrementalist.Tests\Incrementalist.Tests.csproj", "{0F9B9BC6-9F86-40E8-BA9B-D27BF3AC7970}"
EndProject
Project("{9A19103F-16F7-4668-BE54-9A1E7A4F7556}") = "Incrementalist.Cmd", "src\Incrementalist.Cmd\Incrementalist.Cmd.csproj", "{48A85CA0-FA3A-4F7A-A651-B091C5F3A9CB}"
EndProject
Project("{9A19103F-16F7-4668-BE54-9A1E7A4F7556}") = "_build", "build\_build.csproj", "{95F4A299-D1A1-47D6-B044-018E1BB4B95F}"
EndProject
Global
	GlobalSection(SolutionConfigurationPlatforms) = preSolution
		Debug|Any CPU = Debug|Any CPU
		Release|Any CPU = Release|Any CPU
	EndGlobalSection
	GlobalSection(ProjectConfigurationPlatforms) = postSolution
		{E945AABA-2779-41E8-9B43-8898FFD64F22}.Debug|Any CPU.ActiveCfg = Debug|Any CPU
		{E945AABA-2779-41E8-9B43-8898FFD64F22}.Debug|Any CPU.Build.0 = Debug|Any CPU
		{E945AABA-2779-41E8-9B43-8898FFD64F22}.Release|Any CPU.ActiveCfg = Release|Any CPU
		{E945AABA-2779-41E8-9B43-8898FFD64F22}.Release|Any CPU.Build.0 = Release|Any CPU
		{0F9B9BC6-9F86-40E8-BA9B-D27BF3AC7970}.Debug|Any CPU.ActiveCfg = Debug|Any CPU
		{0F9B9BC6-9F86-40E8-BA9B-D27BF3AC7970}.Debug|Any CPU.Build.0 = Debug|Any CPU
		{0F9B9BC6-9F86-40E8-BA9B-D27BF3AC7970}.Release|Any CPU.ActiveCfg = Release|Any CPU
		{0F9B9BC6-9F86-40E8-BA9B-D27BF3AC7970}.Release|Any CPU.Build.0 = Release|Any CPU
		{48A85CA0-FA3A-4F7A-A651-B091C5F3A9CB}.Debug|Any CPU.ActiveCfg = Debug|Any CPU
		{48A85CA0-FA3A-4F7A-A651-B091C5F3A9CB}.Debug|Any CPU.Build.0 = Debug|Any CPU
		{48A85CA0-FA3A-4F7A-A651-B091C5F3A9CB}.Release|Any CPU.ActiveCfg = Release|Any CPU
		{48A85CA0-FA3A-4F7A-A651-B091C5F3A9CB}.Release|Any CPU.Build.0 = Release|Any CPU
		{95F4A299-D1A1-47D6-B044-018E1BB4B95F}.Debug|Any CPU.ActiveCfg = Debug|Any CPU
		{95F4A299-D1A1-47D6-B044-018E1BB4B95F}.Release|Any CPU.ActiveCfg = Release|Any CPU
	EndGlobalSection
	GlobalSection(SolutionProperties) = preSolution
		HideSolutionNode = FALSE
	EndGlobalSection
	GlobalSection(ExtensibilityGlobals) = postSolution
		SolutionGuid = {B99E6BB8-642A-4A68-86DF-69567CBA700A}
	EndGlobalSection
EndGlobal
